// !$*UTF8*$!
{
	archiveVersion = 1;
	classes = {
	};
	objectVersion = 46;
	objects = {

/* Begin PBXBuildFile section */
		F1CD45031B6DDD6100BA6014 /* AppDelegate.swift in Sources */ = {isa = PBXBuildFile; fileRef = F1CD45021B6DDD6100BA6014 /* AppDelegate.swift */; };
		F1CD45051B6DDD6100BA6014 /* ViewController.swift in Sources */ = {isa = PBXBuildFile; fileRef = F1CD45041B6DDD6100BA6014 /* ViewController.swift */; };
		F1CD45081B6DDD6100BA6014 /* Main.storyboard in Resources */ = {isa = PBXBuildFile; fileRef = F1CD45061B6DDD6100BA6014 /* Main.storyboard */; };
		F1CD450A1B6DDD6100BA6014 /* Images.xcassets in Resources */ = {isa = PBXBuildFile; fileRef = F1CD45091B6DDD6100BA6014 /* Images.xcassets */; };
		F1CD450D1B6DDD6100BA6014 /* LaunchScreen.xib in Resources */ = {isa = PBXBuildFile; fileRef = F1CD450B1B6DDD6100BA6014 /* LaunchScreen.xib */; };
		F1CD45191B6DDD6100BA6014 /* MyTipsterTests.swift in Sources */ = {isa = PBXBuildFile; fileRef = F1CD45181B6DDD6100BA6014 /* MyTipsterTests.swift */; };
/* End PBXBuildFile section */

/* Begin PBXContainerItemProxy section */
		F1CD45131B6DDD6100BA6014 /* PBXContainerItemProxy */ = {
			isa = PBXContainerItemProxy;
			containerPortal = F1CD44F51B6DDD6100BA6014 /* Project object */;
			proxyType = 1;
			remoteGlobalIDString = F1CD44FC1B6DDD6100BA6014;
			remoteInfo = MyTipster;
		};
/* End PBXContainerItemProxy section */

/* Begin PBXFileReference section */
		F1CD44FD1B6DDD6100BA6014 /* MyTipster.app */ = {isa = PBXFileReference; explicitFileType = wrapper.application; includeInIndex = 0; path = MyTipster.app; sourceTree = BUILT_PRODUCTS_DIR; };
		F1CD45011B6DDD6100BA6014 /* Info.plist */ = {isa = PBXFileReference; lastKnownFileType = text.plist.xml; path = Info.plist; sourceTree = "<group>"; };
		F1CD45021B6DDD6100BA6014 /* AppDelegate.swift */ = {isa = PBXFileReference; lastKnownFileType = sourcecode.swift; path = AppDelegate.swift; sourceTree = "<group>"; };
		F1CD45041B6DDD6100BA6014 /* ViewController.swift */ = {isa = PBXFileReference; lastKnownFileType = sourcecode.swift; path = ViewController.swift; sourceTree = "<group>"; };
		F1CD45071B6DDD6100BA6014 /* Base */ = {isa = PBXFileReference; lastKnownFileType = file.storyboard; name = Base; path = Base.lproj/Main.storyboard; sourceTree = "<group>"; };
		F1CD45091B6DDD6100BA6014 /* Images.xcassets */ = {isa = PBXFileReference; lastKnownFileType = folder.assetcatalog; path = Images.xcassets; sourceTree = "<group>"; };
		F1CD450C1B6DDD6100BA6014 /* Base */ = {isa = PBXFileReference; lastKnownFileType = file.xib; name = Base; path = Base.lproj/LaunchScreen.xib; sourceTree = "<group>"; };
		F1CD45121B6DDD6100BA6014 /* MyTipsterTests.xctest */ = {isa = PBXFileReference; explicitFileType = wrapper.cfbundle; includeInIndex = 0; path = MyTipsterTests.xctest; sourceTree = BUILT_PRODUCTS_DIR; };
		F1CD45171B6DDD6100BA6014 /* Info.plist */ = {isa = PBXFileReference; lastKnownFileType = text.plist.xml; path = Info.plist; sourceTree = "<group>"; };
		F1CD45181B6DDD6100BA6014 /* MyTipsterTests.swift */ = {isa = PBXFileReference; lastKnownFileType = sourcecode.swift; path = MyTipsterTests.swift; sourceTree = "<group>"; };
/* End PBXFileReference section */

/* Begin PBXFrameworksBuildPhase section */
		F1CD44FA1B6DDD6100BA6014 /* Frameworks */ = {
			isa = PBXFrameworksBuildPhase;
			buildActionMask = 2147483647;
			files = (
			);
			runOnlyForDeploymentPostprocessing = 0;
		};
		F1CD450F1B6DDD6100BA6014 /* Frameworks */ = {
			isa = PBXFrameworksBuildPhase;
			buildActionMask = 2147483647;
			files = (
			);
			runOnlyForDeploymentPostprocessing = 0;
		};
/* End PBXFrameworksBuildPhase section */

/* Begin PBXGroup section */
		F1CD44F41B6DDD6100BA6014 = {
			isa = PBXGroup;
			children = (
				F1CD44FF1B6DDD6100BA6014 /* MyTipster */,
				F1CD45151B6DDD6100BA6014 /* MyTipsterTests */,
				F1CD44FE1B6DDD6100BA6014 /* Products */,
			);
			sourceTree = "<group>";
		};
		F1CD44FE1B6DDD6100BA6014 /* Products */ = {
			isa = PBXGroup;
			children = (
				F1CD44FD1B6DDD6100BA6014 /* MyTipster.app */,
				F1CD45121B6DDD6100BA6014 /* MyTipsterTests.xctest */,
			);
			name = Products;
			sourceTree = "<group>";
		};
		F1CD44FF1B6DDD6100BA6014 /* MyTipster */ = {
			isa = PBXGroup;
			children = (
				F1CD45021B6DDD6100BA6014 /* AppDelegate.swift */,
				F1CD45041B6DDD6100BA6014 /* ViewController.swift */,
				F1CD45061B6DDD6100BA6014 /* Main.storyboard */,
				F1CD45091B6DDD6100BA6014 /* Images.xcassets */,
				F1CD450B1B6DDD6100BA6014 /* LaunchScreen.xib */,
				F1CD45001B6DDD6100BA6014 /* Supporting Files */,
			);
			path = MyTipster;
			sourceTree = "<group>";
		};
		F1CD45001B6DDD6100BA6014 /* Supporting Files */ = {
			isa = PBXGroup;
			children = (
				F1CD45011B6DDD6100BA6014 /* Info.plist */,
			);
			name = "Supporting Files";
			sourceTree = "<group>";
		};
		F1CD45151B6DDD6100BA6014 /* MyTipsterTests */ = {
			isa = PBXGroup;
			children = (
				F1CD45181B6DDD6100BA6014 /* MyTipsterTests.swift */,
				F1CD45161B6DDD6100BA6014 /* Supporting Files */,
			);
			path = MyTipsterTests;
			sourceTree = "<group>";
		};
		F1CD45161B6DDD6100BA6014 /* Supporting Files */ = {
			isa = PBXGroup;
			children = (
				F1CD45171B6DDD6100BA6014 /* Info.plist */,
			);
			name = "Supporting Files";
			sourceTree = "<group>";
		};
/* End PBXGroup section */

/* Begin PBXNativeTarget section */
		F1CD44FC1B6DDD6100BA6014 /* MyTipster */ = {
			isa = PBXNativeTarget;
			buildConfigurationList = F1CD451C1B6DDD6100BA6014 /* Build configuration list for PBXNativeTarget "MyTipster" */;
			buildPhases = (
				F1CD44F91B6DDD6100BA6014 /* Sources */,
				F1CD44FA1B6DDD6100BA6014 /* Frameworks */,
				F1CD44FB1B6DDD6100BA6014 /* Resources */,
			);
			buildRules = (
			);
			dependencies = (
			);
			name = MyTipster;
			productName = MyTipster;
			productReference = F1CD44FD1B6DDD6100BA6014 /* MyTipster.app */;
			productType = "com.apple.product-type.application";
		};
		F1CD45111B6DDD6100BA6014 /* MyTipsterTests */ = {
			isa = PBXNativeTarget;
			buildConfigurationList = F1CD451F1B6DDD6100BA6014 /* Build configuration list for PBXNativeTarget "MyTipsterTests" */;
			buildPhases = (
				F1CD450E1B6DDD6100BA6014 /* Sources */,
				F1CD450F1B6DDD6100BA6014 /* Frameworks */,
				F1CD45101B6DDD6100BA6014 /* Resources */,
			);
			buildRules = (
			);
			dependencies = (
				F1CD45141B6DDD6100BA6014 /* PBXTargetDependency */,
			);
			name = MyTipsterTests;
			productName = MyTipsterTests;
			productReference = F1CD45121B6DDD6100BA6014 /* MyTipsterTests.xctest */;
			productType = "com.apple.product-type.bundle.unit-test";
		};
/* End PBXNativeTarget section */

/* Begin PBXProject section */
		F1CD44F51B6DDD6100BA6014 /* Project object */ = {
			isa = PBXProject;
			attributes = {
				LastUpgradeCheck = 0640;
				ORGANIZATIONNAME = "Vicki Grospe";
				TargetAttributes = {
					F1CD44FC1B6DDD6100BA6014 = {
						CreatedOnToolsVersion = 6.4;
					};
					F1CD45111B6DDD6100BA6014 = {
						CreatedOnToolsVersion = 6.4;
						TestTargetID = F1CD44FC1B6DDD6100BA6014;
					};
				};
			};
			buildConfigurationList = F1CD44F81B6DDD6100BA6014 /* Build configuration list for PBXProject "MyTipster" */;
			compatibilityVersion = "Xcode 3.2";
			developmentRegion = English;
			hasScannedForEncodings = 0;
			knownRegions = (
				en,
				Base,
			);
			mainGroup = F1CD44F41B6DDD6100BA6014;
			productRefGroup = F1CD44FE1B6DDD6100BA6014 /* Products */;
			projectDirPath = "";
			projectRoot = "";
			targets = (
				F1CD44FC1B6DDD6100BA6014 /* MyTipster */,
				F1CD45111B6DDD6100BA6014 /* MyTipsterTests */,
			);
		};
/* End PBXProject section */

/* Begin PBXResourcesBuildPhase section */
		F1CD44FB1B6DDD6100BA6014 /* Resources */ = {
			isa = PBXResourcesBuildPhase;
			buildActionMask = 2147483647;
			files = (
				F1CD45081B6DDD6100BA6014 /* Main.storyboard in Resources */,
				F1CD450D1B6DDD6100BA6014 /* LaunchScreen.xib in Resources */,
				F1CD450A1B6DDD6100BA6014 /* Images.xcassets in Resources */,
			);
			runOnlyForDeploymentPostprocessing = 0;
		};
		F1CD45101B6DDD6100BA6014 /* Resources */ = {
			isa = PBXResourcesBuildPhase;
			buildActionMask = 2147483647;
			files = (
			);
			runOnlyForDeploymentPostprocessing = 0;
		};
/* End PBXResourcesBuildPhase section */

/* Begin PBXSourcesBuildPhase section */
		F1CD44F91B6DDD6100BA6014 /* Sources */ = {
			isa = PBXSourcesBuildPhase;
			buildActionMask = 2147483647;
			files = (
				F1CD45051B6DDD6100BA6014 /* ViewController.swift in Sources */,
				F1CD45031B6DDD6100BA6014 /* AppDelegate.swift in Sources */,
			);
			runOnlyForDeploymentPostprocessing = 0;
		};
		F1CD450E1B6DDD6100BA6014 /* Sources */ = {
			isa = PBXSourcesBuildPhase;
			buildActionMask = 2147483647;
			files = (
				F1CD45191B6DDD6100BA6014 /* MyTipsterTests.swift in Sources */,
			);
			runOnlyForDeploymentPostprocessing = 0;
		};
/* End PBXSourcesBuildPhase section */

/* Begin PBXTargetDependency section */
		F1CD45141B6DDD6100BA6014 /* PBXTargetDependency */ = {
			isa = PBXTargetDependency;
			target = F1CD44FC1B6DDD6100BA6014 /* MyTipster */;
			targetProxy = F1CD45131B6DDD6100BA6014 /* PBXContainerItemProxy */;
		};
/* End PBXTargetDependency section */

/* Begin PBXVariantGroup section */
		F1CD45061B6DDD6100BA6014 /* Main.storyboard */ = {
			isa = PBXVariantGroup;
			children = (
				F1CD45071B6DDD6100BA6014 /* Base */,
			);
			name = Main.storyboard;
			sourceTree = "<group>";
		};
		F1CD450B1B6DDD6100BA6014 /* LaunchScreen.xib */ = {
			isa = PBXVariantGroup;
			children = (
				F1CD450C1B6DDD6100BA6014 /* Base */,
			);
			name = LaunchScreen.xib;
			sourceTree = "<group>";
		};
/* End PBXVariantGroup section */

/* Begin XCBuildConfiguration section */
		F1CD451A1B6DDD6100BA6014 /* Debug */ = {
			isa = XCBuildConfiguration;
			buildSettings = {
				ALWAYS_SEARCH_USER_PATHS = NO;
				CLANG_CXX_LANGUAGE_STANDARD = "gnu++0x";
				CLANG_CXX_LIBRARY = "libc++";
				CLANG_ENABLE_MODULES = YES;
				CLANG_ENABLE_OBJC_ARC = YES;
				CLANG_WARN_BOOL_CONVERSION = YES;
				CLANG_WARN_CONSTANT_CONVERSION = YES;
				CLANG_WARN_DIRECT_OBJC_ISA_USAGE = YES_ERROR;
				CLANG_WARN_EMPTY_BODY = YES;
				CLANG_WARN_ENUM_CONVERSION = YES;
				CLANG_WARN_INT_CONVERSION = YES;
				CLANG_WARN_OBJC_ROOT_CLASS = YES_ERROR;
				CLANG_WARN_UNREACHABLE_CODE = YES;
				CLANG_WARN__DUPLICATE_METHOD_MATCH = YES;
				"CODE_SIGN_IDENTITY[sdk=iphoneos*]" = "iPhone Developer";
				COPY_PHASE_STRIP = NO;
				DEBUG_INFORMATION_FORMAT = "dwarf-with-dsym";
				ENABLE_STRICT_OBJC_MSGSEND = YES;
				GCC_C_LANGUAGE_STANDARD = gnu99;
				GCC_DYNAMIC_NO_PIC = NO;
				GCC_NO_COMMON_BLOCKS = YES;
				GCC_OPTIMIZATION_LEVEL = 0;
				GCC_PREPROCESSOR_DEFINITIONS = (
					"DEBUG=1",
					"$(inherited)",
				);
				GCC_SYMBOLS_PRIVATE_EXTERN = NO;
				GCC_WARN_64_TO_32_BIT_CONVERSION = YES;
				GCC_WARN_ABOUT_RETURN_TYPE = YES_ERROR;
				GCC_WARN_UNDECLARED_SELECTOR = YES;
				GCC_WARN_UNINITIALIZED_AUTOS = YES_AGGRESSIVE;
				GCC_WARN_UNUSED_FUNCTION = YES;
				GCC_WARN_UNUSED_VARIABLE = YES;
				IPHONEOS_DEPLOYMENT_TARGET = 8.4;
				MTL_ENABLE_DEBUG_INFO = YES;
				ONLY_ACTIVE_ARCH = YES;
				SDKROOT = iphoneos;
				SWIFT_OPTIMIZATION_LEVEL = "-Onone";
			};
			name = Debug;
		};
		F1CD451B1B6DDD6100BA6014 /* Release */ = {
			isa = XCBuildConfiguration;
			buildSettings = {
				ALWAYS_SEARCH_USER_PATHS = NO;
				CLANG_CXX_LANGUAGE_STANDARD = "gnu++0x";
				CLANG_CXX_LIBRARY = "libc++";
				CLANG_ENABLE_MODULES = YES;
				CLANG_ENABLE_OBJC_ARC = YES;
				CLANG_WARN_BOOL_CONVERSION = YES;
				CLANG_WARN_CONSTANT_CONVERSION = YES;
				CLANG_WARN_DIRECT_OBJC_ISA_USAGE = YES_ERROR;
				CLANG_WARN_EMPTY_BODY = YES;
				CLANG_WARN_ENUM_CONVERSION = YES;
				CLANG_WARN_INT_CONVERSION = YES;
				CLANG_WARN_OBJC_ROOT_CLASS = YES_ERROR;
				CLANG_WARN_UNREACHABLE_CODE = YES;
				CLANG_WARN__DUPLICATE_METHOD_MATCH = YES;
				"CODE_SIGN_IDENTITY[sdk=iphoneos*]" = "iPhone Developer";
				COPY_PHASE_STRIP = NO;
				DEBUG_INFORMATION_FORMAT = "dwarf-with-dsym";
				ENABLE_NS_ASSERTIONS = NO;
				ENABLE_STRICT_OBJC_MSGSEND = YES;
				GCC_C_LANGUAGE_STANDARD = gnu99;
				GCC_NO_COMMON_BLOCKS = YES;
				GCC_WARN_64_TO_32_BIT_CONVERSION = YES;
				GCC_WARN_ABOUT_RETURN_TYPE = YES_ERROR;
				GCC_WARN_UNDECLARED_SELECTOR = YES;
				GCC_WARN_UNINITIALIZED_AUTOS = YES_AGGRESSIVE;
				GCC_WARN_UNUSED_FUNCTION = YES;
				GCC_WARN_UNUSED_VARIABLE = YES;
				IPHONEOS_DEPLOYMENT_TARGET = 8.4;
				MTL_ENABLE_DEBUG_INFO = NO;
				SDKROOT = iphoneos;
				VALIDATE_PRODUCT = YES;
			};
			name = Release;
		};
		F1CD451D1B6DDD6100BA6014 /* Debug */ = {
			isa = XCBuildConfiguration;
			buildSettings = {
				ASSETCATALOG_COMPILER_APPICON_NAME = AppIcon;
				INFOPLIST_FILE = MyTipster/Info.plist;
				LD_RUNPATH_SEARCH_PATHS = "$(inherited) @executable_path/Frameworks";
				PRODUCT_NAME = "$(TARGET_NAME)";
			};
			name = Debug;
		};
		F1CD451E1B6DDD6100BA6014 /* Release */ = {
			isa = XCBuildConfiguration;
			buildSettings = {
				ASSETCATALOG_COMPILER_APPICON_NAME = AppIcon;
				INFOPLIST_FILE = MyTipster/Info.plist;
				LD_RUNPATH_SEARCH_PATHS = "$(inherited) @executable_path/Frameworks";
				PRODUCT_NAME = "$(TARGET_NAME)";
			};
			name = Release;
		};
		F1CD45201B6DDD6100BA6014 /* Debug */ = {
			isa = XCBuildConfiguration;
			buildSettings = {
				BUNDLE_LOADER = "$(TEST_HOST)";
				FRAMEWORK_SEARCH_PATHS = (
					"$(SDKROOT)/Developer/Library/Frameworks",
					"$(inherited)",
				);
				GCC_PREPROCESSOR_DEFINITIONS = (
					"DEBUG=1",
					"$(inherited)",
				);
				INFOPLIST_FILE = MyTipsterTests/Info.plist;
				LD_RUNPATH_SEARCH_PATHS = "$(inherited) @executable_path/Frameworks @loader_path/Frameworks";
				PRODUCT_NAME = "$(TARGET_NAME)";
				TEST_HOST = "$(BUILT_PRODUCTS_DIR)/MyTipster.app/MyTipster";
			};
			name = Debug;
		};
		F1CD45211B6DDD6100BA6014 /* Release */ = {
			isa = XCBuildConfiguration;
			buildSettings = {
				BUNDLE_LOADER = "$(TEST_HOST)";
				FRAMEWORK_SEARCH_PATHS = (
					"$(SDKROOT)/Developer/Library/Frameworks",
					"$(inherited)",
				);
				INFOPLIST_FILE = MyTipsterTests/Info.plist;
				LD_RUNPATH_SEARCH_PATHS = "$(inherited) @executable_path/Frameworks @loader_path/Frameworks";
				PRODUCT_NAME = "$(TARGET_NAME)";
				TEST_HOST = "$(BUILT_PRODUCTS_DIR)/MyTipster.app/MyTipster";
			};
			name = Release;
		};
/* End XCBuildConfiguration section */

/* Begin XCConfigurationList section */
		F1CD44F81B6DDD6100BA6014 /* Build configuration list for PBXProject "MyTipster" */ = {
			isa = XCConfigurationList;
			buildConfigurations = (
				F1CD451A1B6DDD6100BA6014 /* Debug */,
				F1CD451B1B6DDD6100BA6014 /* Release */,
			);
			defaultConfigurationIsVisible = 0;
			defaultConfigurationName = Release;
		};
		F1CD451C1B6DDD6100BA6014 /* Build configuration list for PBXNativeTarget "MyTipster" */ = {
			isa = XCConfigurationList;
			buildConfigurations = (
				F1CD451D1B6DDD6100BA6014 /* Debug */,
				F1CD451E1B6DDD6100BA6014 /* Release */,
			);
			defaultConfigurationIsVisible = 0;
		};
		F1CD451F1B6DDD6100BA6014 /* Build configuration list for PBXNativeTarget "MyTipsterTests" */ = {
			isa = XCConfigurationList;
			buildConfigurations = (
				F1CD45201B6DDD6100BA6014 /* Debug */,
				F1CD45211B6DDD6100BA6014 /* Release */,
			);
			defaultConfigurationIsVisible = 0;
		};
/* End XCConfigurationList section */
	};
	rootObject = F1CD44F51B6DDD6100BA6014 /* Project object */;
}
